
Microsoft Visual Studio Solution File, Format Version 12.00
# Visual Studio Version 17
VisualStudioVersion = 17.7.34221.43
MinimumVisualStudioVersion = 10.0.40219.1
Project("{888888A0-9F3D-457C-B088-3A5042F75D52}") = "Twitter Sentiment Analysis", "Twitter Sentiment Analysis\Twitter Sentiment Analysis.pyproj", "{B6242942-0097-4CAE-A57C-D4CF150227B2}"
EndProject
Global
	GlobalSection(SolutionConfigurationPlatforms) = preSolution
		Debug|Any CPU = Debug|Any CPU
		Release|Any CPU = Release|Any CPU
	EndGlobalSection
	GlobalSection(ProjectConfigurationPlatforms) = postSolution
		{B6242942-0097-4CAE-A57C-D4CF150227B2}.Debug|Any CPU.ActiveCfg = Debug|Any CPU
		{B6242942-0097-4CAE-A57C-D4CF150227B2}.Debug|Any CPU.Build.0 = Debug|Any CPU
		{B6242942-0097-4CAE-A57C-D4CF150227B2}.Release|Any CPU.ActiveCfg = Release|Any CPU
		{B6242942-0097-4CAE-A57C-D4CF150227B2}.Release|Any CPU.Build.0 = Release|Any CPU
	EndGlobalSection
	GlobalSection(SolutionProperties) = preSolution
		HideSolutionNode = FALSE
	EndGlobalSection
	GlobalSection(ExtensibilityGlobals) = postSolution
		SolutionGuid = {6C3BF5C7-94ED-4666-9B03-AE06C6EDE096}
	EndGlobalSection
EndGlobal
